name: Fix package lock

on:
  push:
    branches: [SOL]
    paths:
      - '.github/workflows/fix-package-lock.yml'

permissions:
  contents: write

jobs:
  fix-lock:
    runs-on: ubuntu-latest
    steps:
      - name: Checkout SOL
        uses: actions/checkout@v4
        with:
          ref: SOL

      - name: Setup Node 24
        uses: actions/setup-node@v4
        with:
          node-version: '24'
          cache: npm

      - name: Regenerate package-lock.json
        run: npm install --package-lock-only --ignore-scripts --no-audit --no-fund

      - name: Commit synchronized lockfile
        run: |
          if git diff --quiet -- package-lock.json; then
            echo 'package-lock.json already synchronized'
            exit 0
          fi
          git config user.name 'github-actions[bot]'
          git config user.email '41898282+github-actions[bot]@users.noreply.github.com'
          git add package-lock.json
          git commit -m 'Sync package lock for Cloudflare build'
          git push origin SOL
